
Microsoft Visual Studio Solution File, Format Version 12.00
# Visual Studio 2013
VisualStudioVersion = 12.0.21005.1
MinimumVisualStudioVersion = 10.0.40219.1
Project("{FAE04EC0-301F-11D3-BF4B-00C04F79EFBC}") = "PersistableGenerator", "PersistableGenerator\PersistableGenerator.csproj", "{4543775E-3663-4271-9BCE-5E7ED2A74E7F}"
EndProject
Project("{FAE04EC0-301F-11D3-BF4B-00C04F79EFBC}") = "PersistableGeneratorWpf", "PersistableGeneratorWpf\PersistableGeneratorWpf.csproj", "{1CA5CE1E-E9FD-4CC0-9F86-5621B6C7424A}"
EndProject
Global
	GlobalSection(SolutionConfigurationPlatforms) = preSolution
		Debug|Any CPU = Debug|Any CPU
		Release|Any CPU = Release|Any CPU
	EndGlobalSection
	GlobalSection(ProjectConfigurationPlatforms) = postSolution
		{4543775E-3663-4271-9BCE-5E7ED2A74E7F}.Debug|Any CPU.ActiveCfg = Debug|Any CPU
		{4543775E-3663-4271-9BCE-5E7ED2A74E7F}.Debug|Any CPU.Build.0 = Debug|Any CPU
		{4543775E-3663-4271-9BCE-5E7ED2A74E7F}.Release|Any CPU.ActiveCfg = Release|Any CPU
		{4543775E-3663-4271-9BCE-5E7ED2A74E7F}.Release|Any CPU.Build.0 = Release|Any CPU
		{1CA5CE1E-E9FD-4CC0-9F86-5621B6C7424A}.Debug|Any CPU.ActiveCfg = Debug|Any CPU
		{1CA5CE1E-E9FD-4CC0-9F86-5621B6C7424A}.Debug|Any CPU.Build.0 = Debug|Any CPU
		{1CA5CE1E-E9FD-4CC0-9F86-5621B6C7424A}.Release|Any CPU.ActiveCfg = Release|Any CPU
		{1CA5CE1E-E9FD-4CC0-9F86-5621B6C7424A}.Release|Any CPU.Build.0 = Release|Any CPU
	EndGlobalSection
	GlobalSection(SolutionProperties) = preSolution
		HideSolutionNode = FALSE
	EndGlobalSection
EndGlobal
